// !$*UTF8*$!
{
	archiveVersion = 1;
	classes = {
	};
	objectVersion = 50;
	objects = {

/* Begin PBXBuildFile section */
		B24BA6F9241D99A30082FD7E /* AppDelegate.swift in Sources */ = {isa = PBXBuildFile; fileRef = B24BA6F8241D99A30082FD7E /* AppDelegate.swift */; };
		B24BA6FB241D99A30082FD7E /* SceneDelegate.swift in Sources */ = {isa = PBXBuildFile; fileRef = B24BA6FA241D99A30082FD7E /* SceneDelegate.swift */; };
		B24BA6FD241D99A30082FD7E /* ViewController.swift in Sources */ = {isa = PBXBuildFile; fileRef = B24BA6FC241D99A30082FD7E /* ViewController.swift */; };
		B24BA700241D99A30082FD7E /* Main.storyboard in Resources */ = {isa = PBXBuildFile; fileRef = B24BA6FE241D99A30082FD7E /* Main.storyboard */; };
		B24BA702241D99A30082FD7E /* Assets.xcassets in Resources */ = {isa = PBXBuildFile; fileRef = B24BA701241D99A30082FD7E /* Assets.xcassets */; };
		B24BA705241D99A30082FD7E /* LaunchScreen.storyboard in Resources */ = {isa = PBXBuildFile; fileRef = B24BA703241D99A30082FD7E /* LaunchScreen.storyboard */; };
		B24BA70E241D9A500082FD7E /* CombineVC.swift in Sources */ = {isa = PBXBuildFile; fileRef = B24BA70D241D9A500082FD7E /* CombineVC.swift */; };
		B24BA711241DA1520082FD7E /* CombineCardView.swift in Sources */ = {isa = PBXBuildFile; fileRef = B24BA710241DA1520082FD7E /* CombineCardView.swift */; };
		B24BA714241DA31B0082FD7E /* UIView.swift in Sources */ = {isa = PBXBuildFile; fileRef = B24BA713241DA31B0082FD7E /* UIView.swift */; };
		B24BA716241DA67E0082FD7E /* UILabel.swift in Sources */ = {isa = PBXBuildFile; fileRef = B24BA715241DA67E0082FD7E /* UILabel.swift */; };
		B24BA719241E57D40082FD7E /* User.swift in Sources */ = {isa = PBXBuildFile; fileRef = B24BA718241E57D40082FD7E /* User.swift */; };
		B24BA71C241E587C0082FD7E /* UserService.swift in Sources */ = {isa = PBXBuildFile; fileRef = B24BA71B241E587C0082FD7E /* UserService.swift */; };
		B2A14DBC242AD22B00A127BB /* DetailsHeaderView.swift in Sources */ = {isa = PBXBuildFile; fileRef = B2A14DBB242AD22B00A127BB /* DetailsHeaderView.swift */; };
		B2A14DBF242AD62100A127BB /* HeaderDetailLayout.swift in Sources */ = {isa = PBXBuildFile; fileRef = B2A14DBE242AD62100A127BB /* HeaderDetailLayout.swift */; };
		B2EBD23B241ED5E6008129DF /* UIImageView.swift in Sources */ = {isa = PBXBuildFile; fileRef = B2EBD23A241ED5E6008129DF /* UIImageView.swift */; };
		B2EBD23D241EE283008129DF /* UIButton.swift in Sources */ = {isa = PBXBuildFile; fileRef = B2EBD23C241EE283008129DF /* UIButton.swift */; };
		B2EBD23F241F062A008129DF /* LoadingView.swift in Sources */ = {isa = PBXBuildFile; fileRef = B2EBD23E241F062A008129DF /* LoadingView.swift */; };
		B2EBD241241FA8F2008129DF /* MatchVC.swift in Sources */ = {isa = PBXBuildFile; fileRef = B2EBD240241FA8F2008129DF /* MatchVC.swift */; };
		B2EBD243241FAD3C008129DF /* UITextField.swift in Sources */ = {isa = PBXBuildFile; fileRef = B2EBD242241FAD3C008129DF /* UITextField.swift */; };
		B2EC38D4242AC64F00E49022 /* DetailsVC.swift in Sources */ = {isa = PBXBuildFile; fileRef = B2EC38D3242AC64F00E49022 /* DetailsVC.swift */; };
/* End PBXBuildFile section */

/* Begin PBXFileReference section */
		B24BA6F5241D99A30082FD7E /* TinderClone.app */ = {isa = PBXFileReference; explicitFileType = wrapper.application; includeInIndex = 0; path = TinderClone.app; sourceTree = BUILT_PRODUCTS_DIR; };
		B24BA6F8241D99A30082FD7E /* AppDelegate.swift */ = {isa = PBXFileReference; lastKnownFileType = sourcecode.swift; path = AppDelegate.swift; sourceTree = "<group>"; };
		B24BA6FA241D99A30082FD7E /* SceneDelegate.swift */ = {isa = PBXFileReference; lastKnownFileType = sourcecode.swift; path = SceneDelegate.swift; sourceTree = "<group>"; };
		B24BA6FC241D99A30082FD7E /* ViewController.swift */ = {isa = PBXFileReference; lastKnownFileType = sourcecode.swift; path = ViewController.swift; sourceTree = "<group>"; };
		B24BA6FF241D99A30082FD7E /* Base */ = {isa = PBXFileReference; lastKnownFileType = file.storyboard; name = Base; path = Base.lproj/Main.storyboard; sourceTree = "<group>"; };
		B24BA701241D99A30082FD7E /* Assets.xcassets */ = {isa = PBXFileReference; lastKnownFileType = folder.assetcatalog; path = Assets.xcassets; sourceTree = "<group>"; };
		B24BA704241D99A30082FD7E /* Base */ = {isa = PBXFileReference; lastKnownFileType = file.storyboard; name = Base; path = Base.lproj/LaunchScreen.storyboard; sourceTree = "<group>"; };
		B24BA706241D99A30082FD7E /* Info.plist */ = {isa = PBXFileReference; lastKnownFileType = text.plist.xml; path = Info.plist; sourceTree = "<group>"; };
		B24BA70D241D9A500082FD7E /* CombineVC.swift */ = {isa = PBXFileReference; lastKnownFileType = sourcecode.swift; path = CombineVC.swift; sourceTree = "<group>"; };
		B24BA710241DA1520082FD7E /* CombineCardView.swift */ = {isa = PBXFileReference; lastKnownFileType = sourcecode.swift; path = CombineCardView.swift; sourceTree = "<group>"; };
		B24BA713241DA31B0082FD7E /* UIView.swift */ = {isa = PBXFileReference; fileEncoding = 4; lastKnownFileType = sourcecode.swift; path = UIView.swift; sourceTree = "<group>"; };
		B24BA715241DA67E0082FD7E /* UILabel.swift */ = {isa = PBXFileReference; lastKnownFileType = sourcecode.swift; path = UILabel.swift; sourceTree = "<group>"; };
		B24BA718241E57D40082FD7E /* User.swift */ = {isa = PBXFileReference; lastKnownFileType = sourcecode.swift; path = User.swift; sourceTree = "<group>"; };
		B24BA71B241E587C0082FD7E /* UserService.swift */ = {isa = PBXFileReference; lastKnownFileType = sourcecode.swift; path = UserService.swift; sourceTree = "<group>"; };
		B2A14DBB242AD22B00A127BB /* DetailsHeaderView.swift */ = {isa = PBXFileReference; lastKnownFileType = sourcecode.swift; path = DetailsHeaderView.swift; sourceTree = "<group>"; };
		B2A14DBE242AD62100A127BB /* HeaderDetailLayout.swift */ = {isa = PBXFileReference; lastKnownFileType = sourcecode.swift; path = HeaderDetailLayout.swift; sourceTree = "<group>"; };
		B2EBD23A241ED5E6008129DF /* UIImageView.swift */ = {isa = PBXFileReference; lastKnownFileType = sourcecode.swift; path = UIImageView.swift; sourceTree = "<group>"; };
		B2EBD23C241EE283008129DF /* UIButton.swift */ = {isa = PBXFileReference; lastKnownFileType = sourcecode.swift; path = UIButton.swift; sourceTree = "<group>"; };
		B2EBD23E241F062A008129DF /* LoadingView.swift */ = {isa = PBXFileReference; lastKnownFileType = sourcecode.swift; path = LoadingView.swift; sourceTree = "<group>"; };
		B2EBD240241FA8F2008129DF /* MatchVC.swift */ = {isa = PBXFileReference; lastKnownFileType = sourcecode.swift; path = MatchVC.swift; sourceTree = "<group>"; };
		B2EBD242241FAD3C008129DF /* UITextField.swift */ = {isa = PBXFileReference; lastKnownFileType = sourcecode.swift; path = UITextField.swift; sourceTree = "<group>"; };
		B2EC38D3242AC64F00E49022 /* DetailsVC.swift */ = {isa = PBXFileReference; lastKnownFileType = sourcecode.swift; path = DetailsVC.swift; sourceTree = "<group>"; };
/* End PBXFileReference section */

/* Begin PBXFrameworksBuildPhase section */
		B24BA6F2241D99A30082FD7E /* Frameworks */ = {
			isa = PBXFrameworksBuildPhase;
			buildActionMask = 2147483647;
			files = (
			);
			runOnlyForDeploymentPostprocessing = 0;
		};
/* End PBXFrameworksBuildPhase section */

/* Begin PBXGroup section */
		B24BA6EC241D99A30082FD7E = {
			isa = PBXGroup;
			children = (
				B24BA6F7241D99A30082FD7E /* TinderClone */,
				B24BA6F6241D99A30082FD7E /* Products */,
			);
			sourceTree = "<group>";
		};
		B24BA6F6241D99A30082FD7E /* Products */ = {
			isa = PBXGroup;
			children = (
				B24BA6F5241D99A30082FD7E /* TinderClone.app */,
			);
			name = Products;
			sourceTree = "<group>";
		};
		B24BA6F7241D99A30082FD7E /* TinderClone */ = {
			isa = PBXGroup;
			children = (
				B2A14DBD242AD60900A127BB /* Components */,
				B24BA71A241E586E0082FD7E /* Service */,
				B24BA717241E57BD0082FD7E /* Model */,
				B24BA712241DA3070082FD7E /* Lib */,
				B24BA70F241DA1420082FD7E /* View */,
				B24BA70C241D9A210082FD7E /* Controller */,
				B24BA6F8241D99A30082FD7E /* AppDelegate.swift */,
				B24BA6FA241D99A30082FD7E /* SceneDelegate.swift */,
				B24BA6FC241D99A30082FD7E /* ViewController.swift */,
				B24BA6FE241D99A30082FD7E /* Main.storyboard */,
				B24BA701241D99A30082FD7E /* Assets.xcassets */,
				B24BA703241D99A30082FD7E /* LaunchScreen.storyboard */,
				B24BA706241D99A30082FD7E /* Info.plist */,
			);
			path = TinderClone;
			sourceTree = "<group>";
		};
		B24BA70C241D9A210082FD7E /* Controller */ = {
			isa = PBXGroup;
			children = (
				B24BA70D241D9A500082FD7E /* CombineVC.swift */,
				B2EBD240241FA8F2008129DF /* MatchVC.swift */,
				B2EC38D3242AC64F00E49022 /* DetailsVC.swift */,
			);
			path = Controller;
			sourceTree = "<group>";
		};
		B24BA70F241DA1420082FD7E /* View */ = {
			isa = PBXGroup;
			children = (
				B24BA710241DA1520082FD7E /* CombineCardView.swift */,
				B2EBD23E241F062A008129DF /* LoadingView.swift */,
				B2A14DBB242AD22B00A127BB /* DetailsHeaderView.swift */,
			);
			path = View;
			sourceTree = "<group>";
		};
		B24BA712241DA3070082FD7E /* Lib */ = {
			isa = PBXGroup;
			children = (
				B24BA713241DA31B0082FD7E /* UIView.swift */,
				B24BA715241DA67E0082FD7E /* UILabel.swift */,
				B2EBD23A241ED5E6008129DF /* UIImageView.swift */,
				B2EBD23C241EE283008129DF /* UIButton.swift */,
				B2EBD242241FAD3C008129DF /* UITextField.swift */,
			);
			path = Lib;
			sourceTree = "<group>";
		};
		B24BA717241E57BD0082FD7E /* Model */ = {
			isa = PBXGroup;
			children = (
				B24BA718241E57D40082FD7E /* User.swift */,
			);
			path = Model;
			sourceTree = "<group>";
		};
		B24BA71A241E586E0082FD7E /* Service */ = {
			isa = PBXGroup;
			children = (
				B24BA71B241E587C0082FD7E /* UserService.swift */,
			);
			path = Service;
			sourceTree = "<group>";
		};
		B2A14DBD242AD60900A127BB /* Components */ = {
			isa = PBXGroup;
			children = (
				B2A14DBE242AD62100A127BB /* HeaderDetailLayout.swift */,
			);
			path = Components;
			sourceTree = "<group>";
		};
/* End PBXGroup section */

/* Begin PBXNativeTarget section */
		B24BA6F4241D99A30082FD7E /* TinderClone */ = {
			isa = PBXNativeTarget;
			buildConfigurationList = B24BA709241D99A30082FD7E /* Build configuration list for PBXNativeTarget "TinderClone" */;
			buildPhases = (
				B24BA6F1241D99A30082FD7E /* Sources */,
				B24BA6F2241D99A30082FD7E /* Frameworks */,
				B24BA6F3241D99A30082FD7E /* Resources */,
			);
			buildRules = (
			);
			dependencies = (
			);
			name = TinderClone;
			productName = TinderClone;
			productReference = B24BA6F5241D99A30082FD7E /* TinderClone.app */;
			productType = "com.apple.product-type.application";
		};
/* End PBXNativeTarget section */

/* Begin PBXProject section */
		B24BA6ED241D99A30082FD7E /* Project object */ = {
			isa = PBXProject;
			attributes = {
				LastSwiftUpdateCheck = 1130;
				LastUpgradeCheck = 1130;
				ORGANIZATIONNAME = "PETRUS CARVALHO";
				TargetAttributes = {
					B24BA6F4241D99A30082FD7E = {
						CreatedOnToolsVersion = 11.3.1;
					};
				};
			};
			buildConfigurationList = B24BA6F0241D99A30082FD7E /* Build configuration list for PBXProject "TinderClone" */;
			compatibilityVersion = "Xcode 9.3";
			developmentRegion = en;
			hasScannedForEncodings = 0;
			knownRegions = (
				en,
				Base,
			);
			mainGroup = B24BA6EC241D99A30082FD7E;
			productRefGroup = B24BA6F6241D99A30082FD7E /* Products */;
			projectDirPath = "";
			projectRoot = "";
			targets = (
				B24BA6F4241D99A30082FD7E /* TinderClone */,
			);
		};
/* End PBXProject section */

/* Begin PBXResourcesBuildPhase section */
		B24BA6F3241D99A30082FD7E /* Resources */ = {
			isa = PBXResourcesBuildPhase;
			buildActionMask = 2147483647;
			files = (
				B24BA705241D99A30082FD7E /* LaunchScreen.storyboard in Resources */,
				B24BA702241D99A30082FD7E /* Assets.xcassets in Resources */,
				B24BA700241D99A30082FD7E /* Main.storyboard in Resources */,
			);
			runOnlyForDeploymentPostprocessing = 0;
		};
/* End PBXResourcesBuildPhase section */

/* Begin PBXSourcesBuildPhase section */
		B24BA6F1241D99A30082FD7E /* Sources */ = {
			isa = PBXSourcesBuildPhase;
			buildActionMask = 2147483647;
			files = (
				B24BA719241E57D40082FD7E /* User.swift in Sources */,
				B24BA70E241D9A500082FD7E /* CombineVC.swift in Sources */,
				B24BA71C241E587C0082FD7E /* UserService.swift in Sources */,
				B24BA6FD241D99A30082FD7E /* ViewController.swift in Sources */,
				B2EC38D4242AC64F00E49022 /* DetailsVC.swift in Sources */,
				B24BA716241DA67E0082FD7E /* UILabel.swift in Sources */,
				B2EBD23F241F062A008129DF /* LoadingView.swift in Sources */,
				B24BA711241DA1520082FD7E /* CombineCardView.swift in Sources */,
				B2EBD23B241ED5E6008129DF /* UIImageView.swift in Sources */,
				B24BA6F9241D99A30082FD7E /* AppDelegate.swift in Sources */,
				B2EBD243241FAD3C008129DF /* UITextField.swift in Sources */,
				B2EBD23D241EE283008129DF /* UIButton.swift in Sources */,
				B2A14DBF242AD62100A127BB /* HeaderDetailLayout.swift in Sources */,
				B2A14DBC242AD22B00A127BB /* DetailsHeaderView.swift in Sources */,
				B2EBD241241FA8F2008129DF /* MatchVC.swift in Sources */,
				B24BA714241DA31B0082FD7E /* UIView.swift in Sources */,
				B24BA6FB241D99A30082FD7E /* SceneDelegate.swift in Sources */,
			);
			runOnlyForDeploymentPostprocessing = 0;
		};
/* End PBXSourcesBuildPhase section */

/* Begin PBXVariantGroup section */
		B24BA6FE241D99A30082FD7E /* Main.storyboard */ = {
			isa = PBXVariantGroup;
			children = (
				B24BA6FF241D99A30082FD7E /* Base */,
			);
			name = Main.storyboard;
			sourceTree = "<group>";
		};
		B24BA703241D99A30082FD7E /* LaunchScreen.storyboard */ = {
			isa = PBXVariantGroup;
			children = (
				B24BA704241D99A30082FD7E /* Base */,
			);
			name = LaunchScreen.storyboard;
			sourceTree = "<group>";
		};
/* End PBXVariantGroup section */

/* Begin XCBuildConfiguration section */
		B24BA707241D99A30082FD7E /* Debug */ = {
			isa = XCBuildConfiguration;
			buildSettings = {
				ALWAYS_SEARCH_USER_PATHS = NO;
				CLANG_ANALYZER_NONNULL = YES;
				CLANG_ANALYZER_NUMBER_OBJECT_CONVERSION = YES_AGGRESSIVE;
				CLANG_CXX_LANGUAGE_STANDARD = "gnu++14";
				CLANG_CXX_LIBRARY = "libc++";
				CLANG_ENABLE_MODULES = YES;
				CLANG_ENABLE_OBJC_ARC = YES;
				CLANG_ENABLE_OBJC_WEAK = YES;
				CLANG_WARN_BLOCK_CAPTURE_AUTORELEASING = YES;
				CLANG_WARN_BOOL_CONVERSION = YES;
				CLANG_WARN_COMMA = YES;
				CLANG_WARN_CONSTANT_CONVERSION = YES;
				CLANG_WARN_DEPRECATED_OBJC_IMPLEMENTATIONS = YES;
				CLANG_WARN_DIRECT_OBJC_ISA_USAGE = YES_ERROR;
				CLANG_WARN_DOCUMENTATION_COMMENTS = YES;
				CLANG_WARN_EMPTY_BODY = YES;
				CLANG_WARN_ENUM_CONVERSION = YES;
				CLANG_WARN_INFINITE_RECURSION = YES;
				CLANG_WARN_INT_CONVERSION = YES;
				CLANG_WARN_NON_LITERAL_NULL_CONVERSION = YES;
				CLANG_WARN_OBJC_IMPLICIT_RETAIN_SELF = YES;
				CLANG_WARN_OBJC_LITERAL_CONVERSION = YES;
				CLANG_WARN_OBJC_ROOT_CLASS = YES_ERROR;
				CLANG_WARN_RANGE_LOOP_ANALYSIS = YES;
				CLANG_WARN_STRICT_PROTOTYPES = YES;
				CLANG_WARN_SUSPICIOUS_MOVE = YES;
				CLANG_WARN_UNGUARDED_AVAILABILITY = YES_AGGRESSIVE;
				CLANG_WARN_UNREACHABLE_CODE = YES;
				CLANG_WARN__DUPLICATE_METHOD_MATCH = YES;
				COPY_PHASE_STRIP = NO;
				DEBUG_INFORMATION_FORMAT = dwarf;
				ENABLE_STRICT_OBJC_MSGSEND = YES;
				ENABLE_TESTABILITY = YES;
				GCC_C_LANGUAGE_STANDARD = gnu11;
				GCC_DYNAMIC_NO_PIC = NO;
				GCC_NO_COMMON_BLOCKS = YES;
				GCC_OPTIMIZATION_LEVEL = 0;
				GCC_PREPROCESSOR_DEFINITIONS = (
					"DEBUG=1",
					"$(inherited)",
				);
				GCC_WARN_64_TO_32_BIT_CONVERSION = YES;
				GCC_WARN_ABOUT_RETURN_TYPE = YES_ERROR;
				GCC_WARN_UNDECLARED_SELECTOR = YES;
				GCC_WARN_UNINITIALIZED_AUTOS = YES_AGGRESSIVE;
				GCC_WARN_UNUSED_FUNCTION = YES;
				GCC_WARN_UNUSED_VARIABLE = YES;
				IPHONEOS_DEPLOYMENT_TARGET = 13.2;
				MTL_ENABLE_DEBUG_INFO = INCLUDE_SOURCE;
				MTL_FAST_MATH = YES;
				ONLY_ACTIVE_ARCH = YES;
				SDKROOT = iphoneos;
				SWIFT_ACTIVE_COMPILATION_CONDITIONS = DEBUG;
				SWIFT_OPTIMIZATION_LEVEL = "-Onone";
			};
			name = Debug;
		};
		B24BA708241D99A30082FD7E /* Release */ = {
			isa = XCBuildConfiguration;
			buildSettings = {
				ALWAYS_SEARCH_USER_PATHS = NO;
				CLANG_ANALYZER_NONNULL = YES;
				CLANG_ANALYZER_NUMBER_OBJECT_CONVERSION = YES_AGGRESSIVE;
				CLANG_CXX_LANGUAGE_STANDARD = "gnu++14";
				CLANG_CXX_LIBRARY = "libc++";
				CLANG_ENABLE_MODULES = YES;
				CLANG_ENABLE_OBJC_ARC = YES;
				CLANG_ENABLE_OBJC_WEAK = YES;
				CLANG_WARN_BLOCK_CAPTURE_AUTORELEASING = YES;
				CLANG_WARN_BOOL_CONVERSION = YES;
				CLANG_WARN_COMMA = YES;
				CLANG_WARN_CONSTANT_CONVERSION = YES;
				CLANG_WARN_DEPRECATED_OBJC_IMPLEMENTATIONS = YES;
				CLANG_WARN_DIRECT_OBJC_ISA_USAGE = YES_ERROR;
				CLANG_WARN_DOCUMENTATION_COMMENTS = YES;
				CLANG_WARN_EMPTY_BODY = YES;
				CLANG_WARN_ENUM_CONVERSION = YES;
				CLANG_WARN_INFINITE_RECURSION = YES;
				CLANG_WARN_INT_CONVERSION = YES;
				CLANG_WARN_NON_LITERAL_NULL_CONVERSION = YES;
				CLANG_WARN_OBJC_IMPLICIT_RETAIN_SELF = YES;
				CLANG_WARN_OBJC_LITERAL_CONVERSION = YES;
				CLANG_WARN_OBJC_ROOT_CLASS = YES_ERROR;
				CLANG_WARN_RANGE_LOOP_ANALYSIS = YES;
				CLANG_WARN_STRICT_PROTOTYPES = YES;
				CLANG_WARN_SUSPICIOUS_MOVE = YES;
				CLANG_WARN_UNGUARDED_AVAILABILITY = YES_AGGRESSIVE;
				CLANG_WARN_UNREACHABLE_CODE = YES;
				CLANG_WARN__DUPLICATE_METHOD_MATCH = YES;
				COPY_PHASE_STRIP = NO;
				DEBUG_INFORMATION_FORMAT = "dwarf-with-dsym";
				ENABLE_NS_ASSERTIONS = NO;
				ENABLE_STRICT_OBJC_MSGSEND = YES;
				GCC_C_LANGUAGE_STANDARD = gnu11;
				GCC_NO_COMMON_BLOCKS = YES;
				GCC_WARN_64_TO_32_BIT_CONVERSION = YES;
				GCC_WARN_ABOUT_RETURN_TYPE = YES_ERROR;
				GCC_WARN_UNDECLARED_SELECTOR = YES;
				GCC_WARN_UNINITIALIZED_AUTOS = YES_AGGRESSIVE;
				GCC_WARN_UNUSED_FUNCTION = YES;
				GCC_WARN_UNUSED_VARIABLE = YES;
				IPHONEOS_DEPLOYMENT_TARGET = 13.2;
				MTL_ENABLE_DEBUG_INFO = NO;
				MTL_FAST_MATH = YES;
				SDKROOT = iphoneos;
				SWIFT_COMPILATION_MODE = wholemodule;
				SWIFT_OPTIMIZATION_LEVEL = "-O";
				VALIDATE_PRODUCT = YES;
			};
			name = Release;
		};
		B24BA70A241D99A30082FD7E /* Debug */ = {
			isa = XCBuildConfiguration;
			buildSettings = {
				ASSETCATALOG_COMPILER_APPICON_NAME = AppIcon;
				CODE_SIGN_STYLE = Automatic;
				DEVELOPMENT_TEAM = TT4QA9X2AJ;
				INFOPLIST_FILE = TinderClone/Info.plist;
				LD_RUNPATH_SEARCH_PATHS = (
					"$(inherited)",
					"@executable_path/Frameworks",
				);
				PRODUCT_BUNDLE_IDENTIFIER = com.autolayout.TinderClone;
				PRODUCT_NAME = "$(TARGET_NAME)";
				SWIFT_VERSION = 5.0;
				TARGETED_DEVICE_FAMILY = "1,2";
			};
			name = Debug;
		};
		B24BA70B241D99A30082FD7E /* Release */ = {
			isa = XCBuildConfiguration;
			buildSettings = {
				ASSETCATALOG_COMPILER_APPICON_NAME = AppIcon;
				CODE_SIGN_STYLE = Automatic;
				DEVELOPMENT_TEAM = TT4QA9X2AJ;
				INFOPLIST_FILE = TinderClone/Info.plist;
				LD_RUNPATH_SEARCH_PATHS = (
					"$(inherited)",
					"@executable_path/Frameworks",
				);
				PRODUCT_BUNDLE_IDENTIFIER = com.autolayout.TinderClone;
				PRODUCT_NAME = "$(TARGET_NAME)";
				SWIFT_VERSION = 5.0;
				TARGETED_DEVICE_FAMILY = "1,2";
			};
			name = Release;
		};
/* End XCBuildConfiguration section */

/* Begin XCConfigurationList section */
		B24BA6F0241D99A30082FD7E /* Build configuration list for PBXProject "TinderClone" */ = {
			isa = XCConfigurationList;
			buildConfigurations = (
				B24BA707241D99A30082FD7E /* Debug */,
				B24BA708241D99A30082FD7E /* Release */,
			);
			defaultConfigurationIsVisible = 0;
			defaultConfigurationName = Release;
		};
		B24BA709241D99A30082FD7E /* Build configuration list for PBXNativeTarget "TinderClone" */ = {
			isa = XCConfigurationList;
			buildConfigurations = (
				B24BA70A241D99A30082FD7E /* Debug */,
				B24BA70B241D99A30082FD7E /* Release */,
			);
			defaultConfigurationIsVisible = 0;
			defaultConfigurationName = Release;
		};
/* End XCConfigurationList section */
	};
	rootObject = B24BA6ED241D99A30082FD7E /* Project object */;
}
